
Microsoft Visual Studio Solution File, Format Version 12.00
Project("{FAE04EC0-301F-11D3-BF4B-00C04F79EFBC}") = "DisasterPR", "DisasterPR\DisasterPR.csproj", "{3CD3DC3D-B52A-465D-8F96-A495B89B0A79}"
EndProject
Project("{FAE04EC0-301F-11D3-BF4B-00C04F79EFBC}") = "DisasterPR.Server", "DisasterPR.Server\DisasterPR.Server.csproj", "{AA7A28A0-B1B3-453E-97F8-C803A1332C7D}"
EndProject
Global
	GlobalSection(SolutionConfigurationPlatforms) = preSolution
		Debug|Any CPU = Debug|Any CPU
		Release|Any CPU = Release|Any CPU
	EndGlobalSection
	GlobalSection(ProjectConfigurationPlatforms) = postSolution
		{3CD3DC3D-B52A-465D-8F96-A495B89B0A79}.Debug|Any CPU.ActiveCfg = Debug|Any CPU
		{3CD3DC3D-B52A-465D-8F96-A495B89B0A79}.Debug|Any CPU.Build.0 = Debug|Any CPU
		{3CD3DC3D-B52A-465D-8F96-A495B89B0A79}.Release|Any CPU.ActiveCfg = Release|Any CPU
		{3CD3DC3D-B52A-465D-8F96-A495B89B0A79}.Release|Any CPU.Build.0 = Release|Any CPU
		{AA7A28A0-B1B3-453E-97F8-C803A1332C7D}.Debug|Any CPU.ActiveCfg = Debug|Any CPU
		{AA7A28A0-B1B3-453E-97F8-C803A1332C7D}.Debug|Any CPU.Build.0 = Debug|Any CPU
		{AA7A28A0-B1B3-453E-97F8-C803A1332C7D}.Release|Any CPU.ActiveCfg = Release|Any CPU
		{AA7A28A0-B1B3-453E-97F8-C803A1332C7D}.Release|Any CPU.Build.0 = Release|Any CPU
	EndGlobalSection
EndGlobal
